
Microsoft Visual Studio Solution File, Format Version 12.00
# Visual Studio 15
VisualStudioVersion = 15.0.27703.2026
MinimumVisualStudioVersion = 10.0.40219.1
Project("{FAE04EC0-301F-11D3-BF4B-00C04F79EFBC}") = "RLBot Injector", "RLBot Injector\RLBot Injector.csproj", "{2D2F370A-E0E0-4374-90CD-0C23D68E6773}"
EndProject
Project("{FAE04EC0-301F-11D3-BF4B-00C04F79EFBC}") = "ReplaysGUI", "ReplaysGUI\ReplaysGUI.csproj", "{F31D698F-6B68-41DA-9842-9A4E0ACDF61F}"
EndProject
Project("{54435603-DBB4-11D2-8724-00A0C9A8B90C}") = "Installer", "Installer\Installer.vdproj", "{977918B3-5FE1-429B-B77C-0BAC352D4B3A}"
EndProject
Global
	GlobalSection(SolutionConfigurationPlatforms) = preSolution
		Debug|Any CPU = Debug|Any CPU
		Release|Any CPU = Release|Any CPU
	EndGlobalSection
	GlobalSection(ProjectConfigurationPlatforms) = postSolution
		{2D2F370A-E0E0-4374-90CD-0C23D68E6773}.Debug|Any CPU.ActiveCfg = Debug|Any CPU
		{2D2F370A-E0E0-4374-90CD-0C23D68E6773}.Debug|Any CPU.Build.0 = Debug|Any CPU
		{2D2F370A-E0E0-4374-90CD-0C23D68E6773}.Release|Any CPU.ActiveCfg = Release|Any CPU
		{2D2F370A-E0E0-4374-90CD-0C23D68E6773}.Release|Any CPU.Build.0 = Release|Any CPU
		{F31D698F-6B68-41DA-9842-9A4E0ACDF61F}.Debug|Any CPU.ActiveCfg = Debug|Any CPU
		{F31D698F-6B68-41DA-9842-9A4E0ACDF61F}.Debug|Any CPU.Build.0 = Debug|Any CPU
		{F31D698F-6B68-41DA-9842-9A4E0ACDF61F}.Release|Any CPU.ActiveCfg = Release|Any CPU
		{F31D698F-6B68-41DA-9842-9A4E0ACDF61F}.Release|Any CPU.Build.0 = Release|Any CPU
		{977918B3-5FE1-429B-B77C-0BAC352D4B3A}.Debug|Any CPU.ActiveCfg = Debug
		{977918B3-5FE1-429B-B77C-0BAC352D4B3A}.Release|Any CPU.ActiveCfg = Release
	EndGlobalSection
	GlobalSection(SolutionProperties) = preSolution
		HideSolutionNode = FALSE
	EndGlobalSection
	GlobalSection(ExtensibilityGlobals) = postSolution
		SolutionGuid = {89AD372E-4960-417B-B869-502C77EB82C8}
	EndGlobalSection
EndGlobal
